
Microsoft Visual Studio Solution File, Format Version 12.00
# Visual Studio Version 16
VisualStudioVersion = 16.0.31402.337
MinimumVisualStudioVersion = 10.0.40219.1
Project("{8BC9CEB8-8B4A-11D0-8D11-00A0C91BC942}") = "ZigzagNum", "ZigzagNum\ZigzagNum.vcxproj", "{1C90CE1F-192B-4BC6-8DA4-12788985716D}"
EndProject
Global
	GlobalSection(SolutionConfigurationPlatforms) = preSolution
		Debug|x64 = Debug|x64
		Debug|x86 = Debug|x86
		Release|x64 = Release|x64
		Release|x86 = Release|x86
	EndGlobalSection
	GlobalSection(ProjectConfigurationPlatforms) = postSolution
		{1C90CE1F-192B-4BC6-8DA4-12788985716D}.Debug|x64.ActiveCfg = Debug|x64
		{1C90CE1F-192B-4BC6-8DA4-12788985716D}.Debug|x64.Build.0 = Debug|x64
		{1C90CE1F-192B-4BC6-8DA4-12788985716D}.Debug|x86.ActiveCfg = Debug|Win32
		{1C90CE1F-192B-4BC6-8DA4-12788985716D}.Debug|x86.Build.0 = Debug|Win32
		{1C90CE1F-192B-4BC6-8DA4-12788985716D}.Release|x64.ActiveCfg = Release|x64
		{1C90CE1F-192B-4BC6-8DA4-12788985716D}.Release|x64.Build.0 = Release|x64
		{1C90CE1F-192B-4BC6-8DA4-12788985716D}.Release|x86.ActiveCfg = Release|Win32
		{1C90CE1F-192B-4BC6-8DA4-12788985716D}.Release|x86.Build.0 = Release|Win32
	EndGlobalSection
	GlobalSection(SolutionProperties) = preSolution
		HideSolutionNode = FALSE
	EndGlobalSection
	GlobalSection(ExtensibilityGlobals) = postSolution
		SolutionGuid = {730BF45D-695E-4D45-B9C7-250A50686634}
	EndGlobalSection
EndGlobal
