
Microsoft Visual Studio Solution File, Format Version 12.00
# Visual Studio Version 16
VisualStudioVersion = 16.0.31402.337
MinimumVisualStudioVersion = 10.0.40219.1
Project("{8BC9CEB8-8B4A-11D0-8D11-00A0C91BC942}") = "Pascal", "Pascal\Pascal.vcxproj", "{BA6207BD-69E0-433B-B174-5ABEE729DE95}"
EndProject
Global
	GlobalSection(SolutionConfigurationPlatforms) = preSolution
		Debug|x64 = Debug|x64
		Debug|x86 = Debug|x86
		Release|x64 = Release|x64
		Release|x86 = Release|x86
	EndGlobalSection
	GlobalSection(ProjectConfigurationPlatforms) = postSolution
		{BA6207BD-69E0-433B-B174-5ABEE729DE95}.Debug|x64.ActiveCfg = Debug|x64
		{BA6207BD-69E0-433B-B174-5ABEE729DE95}.Debug|x64.Build.0 = Debug|x64
		{BA6207BD-69E0-433B-B174-5ABEE729DE95}.Debug|x86.ActiveCfg = Debug|Win32
		{BA6207BD-69E0-433B-B174-5ABEE729DE95}.Debug|x86.Build.0 = Debug|Win32
		{BA6207BD-69E0-433B-B174-5ABEE729DE95}.Release|x64.ActiveCfg = Release|x64
		{BA6207BD-69E0-433B-B174-5ABEE729DE95}.Release|x64.Build.0 = Release|x64
		{BA6207BD-69E0-433B-B174-5ABEE729DE95}.Release|x86.ActiveCfg = Release|Win32
		{BA6207BD-69E0-433B-B174-5ABEE729DE95}.Release|x86.Build.0 = Release|Win32
	EndGlobalSection
	GlobalSection(SolutionProperties) = preSolution
		HideSolutionNode = FALSE
	EndGlobalSection
	GlobalSection(ExtensibilityGlobals) = postSolution
		SolutionGuid = {50C7AC51-AFFD-42B4-A917-A99C4A87C355}
	EndGlobalSection
EndGlobal
